
Microsoft Visual Studio Solution File, Format Version 12.00
# Visual Studio Version 16
VisualStudioVersion = 16.0.28922.388
MinimumVisualStudioVersion = 10.0.40219.1
Project("{FAE04EC0-301F-11D3-BF4B-00C04F79EFBC}") = "Api", "Api\Api.csproj", "{CBB8B936-4A08-451F-A370-B7487615C51D}"
EndProject
Project("{FAE04EC0-301F-11D3-BF4B-00C04F79EFBC}") = "SDK", "SDK\SDK.csproj", "{C349FC72-FC0F-41DD-AA27-2E9FB6F9E633}"
EndProject
Global
	GlobalSection(SolutionConfigurationPlatforms) = preSolution
		Debug|Any CPU = Debug|Any CPU
		Release|Any CPU = Release|Any CPU
	EndGlobalSection
	GlobalSection(ProjectConfigurationPlatforms) = postSolution
		{CBB8B936-4A08-451F-A370-B7487615C51D}.Debug|Any CPU.ActiveCfg = Debug|Any CPU
		{CBB8B936-4A08-451F-A370-B7487615C51D}.Debug|Any CPU.Build.0 = Debug|Any CPU
		{CBB8B936-4A08-451F-A370-B7487615C51D}.Release|Any CPU.ActiveCfg = Release|Any CPU
		{CBB8B936-4A08-451F-A370-B7487615C51D}.Release|Any CPU.Build.0 = Release|Any CPU
		{C349FC72-FC0F-41DD-AA27-2E9FB6F9E633}.Debug|Any CPU.ActiveCfg = Debug|Any CPU
		{C349FC72-FC0F-41DD-AA27-2E9FB6F9E633}.Debug|Any CPU.Build.0 = Debug|Any CPU
		{C349FC72-FC0F-41DD-AA27-2E9FB6F9E633}.Release|Any CPU.ActiveCfg = Release|Any CPU
		{C349FC72-FC0F-41DD-AA27-2E9FB6F9E633}.Release|Any CPU.Build.0 = Release|Any CPU
	EndGlobalSection
	GlobalSection(SolutionProperties) = preSolution
		HideSolutionNode = FALSE
	EndGlobalSection
	GlobalSection(ExtensibilityGlobals) = postSolution
		SolutionGuid = {AA66D0A1-679B-4107-8C8F-D09AA9296460}
	EndGlobalSection
EndGlobal
